// !$*UTF8*$!
{
	archiveVersion = 1;
	classes = {
	};
	objectVersion = 46;
	objects = {

/* Begin PBXBuildFile section */
		840A466C1B5C2F6700960F9A /* default.png in Resources */ = {isa = PBXBuildFile; fileRef = 840A466B1B5C2F6700960F9A /* default.png */; };
		840A466E1B5C31EA00960F9A /* Default@2x.png in Resources */ = {isa = PBXBuildFile; fileRef = 840A466D1B5C31EA00960F9A /* Default@2x.png */; };
		844DB7A11B993374000D8E22 /* Item.swift in Sources */ = {isa = PBXBuildFile; fileRef = 844DB7A01B993374000D8E22 /* Item.swift */; };
		849232311B5D2B2D009F7407 /* ZoomImageViewController.swift in Sources */ = {isa = PBXBuildFile; fileRef = 849232301B5D2B2D009F7407 /* ZoomImageViewController.swift */; };
		84A6A0221B63D7C800DD2F62 /* photoThumbnailCollectionViewCell.swift in Sources */ = {isa = PBXBuildFile; fileRef = 84A6A0211B63D7C800DD2F62 /* photoThumbnailCollectionViewCell.swift */; };
		84C2363A1B99E5F6006216B8 /* ItemImage.swift in Sources */ = {isa = PBXBuildFile; fileRef = 84C236391B99E5F6006216B8 /* ItemImage.swift */; };
		84DB2CA81B57EBFF00BA51F3 /* AppDelegate.swift in Sources */ = {isa = PBXBuildFile; fileRef = 84DB2CA71B57EBFF00BA51F3 /* AppDelegate.swift */; };
		84DB2CAB1B57EBFF00BA51F3 /* Inventory.xcdatamodeld in Sources */ = {isa = PBXBuildFile; fileRef = 84DB2CA91B57EBFF00BA51F3 /* Inventory.xcdatamodeld */; };
		84DB2CAD1B57EBFF00BA51F3 /* InventoryViewController.swift in Sources */ = {isa = PBXBuildFile; fileRef = 84DB2CAC1B57EBFF00BA51F3 /* InventoryViewController.swift */; };
		84DB2CB01B57EBFF00BA51F3 /* Main.storyboard in Resources */ = {isa = PBXBuildFile; fileRef = 84DB2CAE1B57EBFF00BA51F3 /* Main.storyboard */; };
		84DB2CB21B57EBFF00BA51F3 /* Images.xcassets in Resources */ = {isa = PBXBuildFile; fileRef = 84DB2CB11B57EBFF00BA51F3 /* Images.xcassets */; };
		84DB2CB51B57EBFF00BA51F3 /* LaunchScreen.xib in Resources */ = {isa = PBXBuildFile; fileRef = 84DB2CB31B57EBFF00BA51F3 /* LaunchScreen.xib */; };
		84DB2CC11B57EBFF00BA51F3 /* InventoryTests.swift in Sources */ = {isa = PBXBuildFile; fileRef = 84DB2CC01B57EBFF00BA51F3 /* InventoryTests.swift */; };
		84DB2CCD1B57FF9100BA51F3 /* TREX450PRO.jpg in Resources */ = {isa = PBXBuildFile; fileRef = 84DB2CCC1B57FF9100BA51F3 /* TREX450PRO.jpg */; };
		84DB2CCF1B5804F000BA51F3 /* ItemDetailsViewController.swift in Sources */ = {isa = PBXBuildFile; fileRef = 84DB2CCE1B5804F000BA51F3 /* ItemDetailsViewController.swift */; };
		84E95BC71B5DEAB40086B7EA /* GalleryViewController.swift in Sources */ = {isa = PBXBuildFile; fileRef = 84E95BC61B5DEAB40086B7EA /* GalleryViewController.swift */; };
/* End PBXBuildFile section */

/* Begin PBXContainerItemProxy section */
		84DB2CBB1B57EBFF00BA51F3 /* PBXContainerItemProxy */ = {
			isa = PBXContainerItemProxy;
			containerPortal = 84DB2C9A1B57EBFF00BA51F3 /* Project object */;
			proxyType = 1;
			remoteGlobalIDString = 84DB2CA11B57EBFF00BA51F3;
			remoteInfo = Inventory;
		};
/* End PBXContainerItemProxy section */

/* Begin PBXFileReference section */
		840A466B1B5C2F6700960F9A /* default.png */ = {isa = PBXFileReference; lastKnownFileType = image.png; path = default.png; sourceTree = "<group>"; };
		840A466D1B5C31EA00960F9A /* Default@2x.png */ = {isa = PBXFileReference; lastKnownFileType = image.png; path = "Default@2x.png"; sourceTree = "<group>"; };
		844DB7A01B993374000D8E22 /* Item.swift */ = {isa = PBXFileReference; fileEncoding = 4; lastKnownFileType = sourcecode.swift; path = Item.swift; sourceTree = "<group>"; };
		849232301B5D2B2D009F7407 /* ZoomImageViewController.swift */ = {isa = PBXFileReference; fileEncoding = 4; lastKnownFileType = sourcecode.swift; path = ZoomImageViewController.swift; sourceTree = "<group>"; };
		84A6A0211B63D7C800DD2F62 /* photoThumbnailCollectionViewCell.swift */ = {isa = PBXFileReference; fileEncoding = 4; lastKnownFileType = sourcecode.swift; path = photoThumbnailCollectionViewCell.swift; sourceTree = "<group>"; };
		84C236391B99E5F6006216B8 /* ItemImage.swift */ = {isa = PBXFileReference; fileEncoding = 4; lastKnownFileType = sourcecode.swift; path = ItemImage.swift; sourceTree = "<group>"; };
		84DB2CA21B57EBFF00BA51F3 /* Inventory.app */ = {isa = PBXFileReference; explicitFileType = wrapper.application; includeInIndex = 0; path = Inventory.app; sourceTree = BUILT_PRODUCTS_DIR; };
		84DB2CA61B57EBFF00BA51F3 /* Info.plist */ = {isa = PBXFileReference; lastKnownFileType = text.plist.xml; path = Info.plist; sourceTree = "<group>"; };
		84DB2CA71B57EBFF00BA51F3 /* AppDelegate.swift */ = {isa = PBXFileReference; lastKnownFileType = sourcecode.swift; path = AppDelegate.swift; sourceTree = "<group>"; };
		84DB2CAA1B57EBFF00BA51F3 /* Inventory.xcdatamodel */ = {isa = PBXFileReference; lastKnownFileType = wrapper.xcdatamodel; path = Inventory.xcdatamodel; sourceTree = "<group>"; };
		84DB2CAC1B57EBFF00BA51F3 /* InventoryViewController.swift */ = {isa = PBXFileReference; lastKnownFileType = sourcecode.swift; path = InventoryViewController.swift; sourceTree = "<group>"; };
		84DB2CAF1B57EBFF00BA51F3 /* Base */ = {isa = PBXFileReference; lastKnownFileType = file.storyboard; name = Base; path = Base.lproj/Main.storyboard; sourceTree = "<group>"; };
		84DB2CB11B57EBFF00BA51F3 /* Images.xcassets */ = {isa = PBXFileReference; lastKnownFileType = folder.assetcatalog; path = Images.xcassets; sourceTree = "<group>"; };
		84DB2CB41B57EBFF00BA51F3 /* Base */ = {isa = PBXFileReference; lastKnownFileType = file.xib; name = Base; path = Base.lproj/LaunchScreen.xib; sourceTree = "<group>"; };
		84DB2CBA1B57EBFF00BA51F3 /* InventoryTests.xctest */ = {isa = PBXFileReference; explicitFileType = wrapper.cfbundle; includeInIndex = 0; path = InventoryTests.xctest; sourceTree = BUILT_PRODUCTS_DIR; };
		84DB2CBF1B57EBFF00BA51F3 /* Info.plist */ = {isa = PBXFileReference; lastKnownFileType = text.plist.xml; path = Info.plist; sourceTree = "<group>"; };
		84DB2CC01B57EBFF00BA51F3 /* InventoryTests.swift */ = {isa = PBXFileReference; lastKnownFileType = sourcecode.swift; path = InventoryTests.swift; sourceTree = "<group>"; };
		84DB2CCC1B57FF9100BA51F3 /* TREX450PRO.jpg */ = {isa = PBXFileReference; lastKnownFileType = image.jpeg; path = TREX450PRO.jpg; sourceTree = "<group>"; };
		84DB2CCE1B5804F000BA51F3 /* ItemDetailsViewController.swift */ = {isa = PBXFileReference; fileEncoding = 4; lastKnownFileType = sourcecode.swift; path = ItemDetailsViewController.swift; sourceTree = "<group>"; };
		84E95BC61B5DEAB40086B7EA /* GalleryViewController.swift */ = {isa = PBXFileReference; fileEncoding = 4; lastKnownFileType = sourcecode.swift; path = GalleryViewController.swift; sourceTree = "<group>"; };
/* End PBXFileReference section */

/* Begin PBXFrameworksBuildPhase section */
		84DB2C9F1B57EBFF00BA51F3 /* Frameworks */ = {
			isa = PBXFrameworksBuildPhase;
			buildActionMask = 2147483647;
			files = (
			);
			runOnlyForDeploymentPostprocessing = 0;
		};
		84DB2CB71B57EBFF00BA51F3 /* Frameworks */ = {
			isa = PBXFrameworksBuildPhase;
			buildActionMask = 2147483647;
			files = (
			);
			runOnlyForDeploymentPostprocessing = 0;
		};
/* End PBXFrameworksBuildPhase section */

/* Begin PBXGroup section */
		84DB2C991B57EBFF00BA51F3 = {
			isa = PBXGroup;
			children = (
				84DB2CA41B57EBFF00BA51F3 /* Inventory */,
				84DB2CBD1B57EBFF00BA51F3 /* InventoryTests */,
				84DB2CA31B57EBFF00BA51F3 /* Products */,
			);
			sourceTree = "<group>";
		};
		84DB2CA31B57EBFF00BA51F3 /* Products */ = {
			isa = PBXGroup;
			children = (
				84DB2CA21B57EBFF00BA51F3 /* Inventory.app */,
				84DB2CBA1B57EBFF00BA51F3 /* InventoryTests.xctest */,
			);
			name = Products;
			sourceTree = "<group>";
		};
		84DB2CA41B57EBFF00BA51F3 /* Inventory */ = {
			isa = PBXGroup;
			children = (
				84DB2CA91B57EBFF00BA51F3 /* Inventory.xcdatamodeld */,
				844DB7A01B993374000D8E22 /* Item.swift */,
				84C236391B99E5F6006216B8 /* ItemImage.swift */,
				840A466D1B5C31EA00960F9A /* Default@2x.png */,
				840A466B1B5C2F6700960F9A /* default.png */,
				84DB2CCC1B57FF9100BA51F3 /* TREX450PRO.jpg */,
				84DB2CA71B57EBFF00BA51F3 /* AppDelegate.swift */,
				84DB2CAC1B57EBFF00BA51F3 /* InventoryViewController.swift */,
				84DB2CCE1B5804F000BA51F3 /* ItemDetailsViewController.swift */,
				84A6A0211B63D7C800DD2F62 /* photoThumbnailCollectionViewCell.swift */,
				849232301B5D2B2D009F7407 /* ZoomImageViewController.swift */,
				84E95BC61B5DEAB40086B7EA /* GalleryViewController.swift */,
				84DB2CAE1B57EBFF00BA51F3 /* Main.storyboard */,
				84DB2CB11B57EBFF00BA51F3 /* Images.xcassets */,
				84DB2CB31B57EBFF00BA51F3 /* LaunchScreen.xib */,
				84DB2CA51B57EBFF00BA51F3 /* Supporting Files */,
			);
			path = Inventory;
			sourceTree = "<group>";
		};
		84DB2CA51B57EBFF00BA51F3 /* Supporting Files */ = {
			isa = PBXGroup;
			children = (
				84DB2CA61B57EBFF00BA51F3 /* Info.plist */,
			);
			name = "Supporting Files";
			sourceTree = "<group>";
		};
		84DB2CBD1B57EBFF00BA51F3 /* InventoryTests */ = {
			isa = PBXGroup;
			children = (
				84DB2CC01B57EBFF00BA51F3 /* InventoryTests.swift */,
				84DB2CBE1B57EBFF00BA51F3 /* Supporting Files */,
			);
			path = InventoryTests;
			sourceTree = "<group>";
		};
		84DB2CBE1B57EBFF00BA51F3 /* Supporting Files */ = {
			isa = PBXGroup;
			children = (
				84DB2CBF1B57EBFF00BA51F3 /* Info.plist */,
			);
			name = "Supporting Files";
			sourceTree = "<group>";
		};
/* End PBXGroup section */

/* Begin PBXNativeTarget section */
		84DB2CA11B57EBFF00BA51F3 /* Inventory */ = {
			isa = PBXNativeTarget;
			buildConfigurationList = 84DB2CC41B57EBFF00BA51F3 /* Build configuration list for PBXNativeTarget "Inventory" */;
			buildPhases = (
				84DB2C9E1B57EBFF00BA51F3 /* Sources */,
				84DB2C9F1B57EBFF00BA51F3 /* Frameworks */,
				84DB2CA01B57EBFF00BA51F3 /* Resources */,
			);
			buildRules = (
			);
			dependencies = (
			);
			name = Inventory;
			productName = Inventory;
			productReference = 84DB2CA21B57EBFF00BA51F3 /* Inventory.app */;
			productType = "com.apple.product-type.application";
		};
		84DB2CB91B57EBFF00BA51F3 /* InventoryTests */ = {
			isa = PBXNativeTarget;
			buildConfigurationList = 84DB2CC71B57EBFF00BA51F3 /* Build configuration list for PBXNativeTarget "InventoryTests" */;
			buildPhases = (
				84DB2CB61B57EBFF00BA51F3 /* Sources */,
				84DB2CB71B57EBFF00BA51F3 /* Frameworks */,
				84DB2CB81B57EBFF00BA51F3 /* Resources */,
			);
			buildRules = (
			);
			dependencies = (
				84DB2CBC1B57EBFF00BA51F3 /* PBXTargetDependency */,
			);
			name = InventoryTests;
			productName = InventoryTests;
			productReference = 84DB2CBA1B57EBFF00BA51F3 /* InventoryTests.xctest */;
			productType = "com.apple.product-type.bundle.unit-test";
		};
/* End PBXNativeTarget section */

/* Begin PBXProject section */
		84DB2C9A1B57EBFF00BA51F3 /* Project object */ = {
			isa = PBXProject;
			attributes = {
				LastUpgradeCheck = 0640;
				ORGANIZATIONNAME = infoshare;
				TargetAttributes = {
					84DB2CA11B57EBFF00BA51F3 = {
						CreatedOnToolsVersion = 6.4;
					};
					84DB2CB91B57EBFF00BA51F3 = {
						CreatedOnToolsVersion = 6.4;
						TestTargetID = 84DB2CA11B57EBFF00BA51F3;
					};
				};
			};
			buildConfigurationList = 84DB2C9D1B57EBFF00BA51F3 /* Build configuration list for PBXProject "Inventory" */;
			compatibilityVersion = "Xcode 3.2";
			developmentRegion = English;
			hasScannedForEncodings = 0;
			knownRegions = (
				en,
				Base,
			);
			mainGroup = 84DB2C991B57EBFF00BA51F3;
			productRefGroup = 84DB2CA31B57EBFF00BA51F3 /* Products */;
			projectDirPath = "";
			projectRoot = "";
			targets = (
				84DB2CA11B57EBFF00BA51F3 /* Inventory */,
				84DB2CB91B57EBFF00BA51F3 /* InventoryTests */,
			);
		};
/* End PBXProject section */

/* Begin PBXResourcesBuildPhase section */
		84DB2CA01B57EBFF00BA51F3 /* Resources */ = {
			isa = PBXResourcesBuildPhase;
			buildActionMask = 2147483647;
			files = (
				840A466E1B5C31EA00960F9A /* Default@2x.png in Resources */,
				84DB2CB01B57EBFF00BA51F3 /* Main.storyboard in Resources */,
				84DB2CB51B57EBFF00BA51F3 /* LaunchScreen.xib in Resources */,
				84DB2CCD1B57FF9100BA51F3 /* TREX450PRO.jpg in Resources */,
				840A466C1B5C2F6700960F9A /* default.png in Resources */,
				84DB2CB21B57EBFF00BA51F3 /* Images.xcassets in Resources */,
			);
			runOnlyForDeploymentPostprocessing = 0;
		};
		84DB2CB81B57EBFF00BA51F3 /* Resources */ = {
			isa = PBXResourcesBuildPhase;
			buildActionMask = 2147483647;
			files = (
			);
			runOnlyForDeploymentPostprocessing = 0;
		};
/* End PBXResourcesBuildPhase section */

/* Begin PBXSourcesBuildPhase section */
		84DB2C9E1B57EBFF00BA51F3 /* Sources */ = {
			isa = PBXSourcesBuildPhase;
			buildActionMask = 2147483647;
			files = (
				84E95BC71B5DEAB40086B7EA /* GalleryViewController.swift in Sources */,
				844DB7A11B993374000D8E22 /* Item.swift in Sources */,
				849232311B5D2B2D009F7407 /* ZoomImageViewController.swift in Sources */,
				84DB2CAD1B57EBFF00BA51F3 /* InventoryViewController.swift in Sources */,
				84A6A0221B63D7C800DD2F62 /* photoThumbnailCollectionViewCell.swift in Sources */,
				84DB2CCF1B5804F000BA51F3 /* ItemDetailsViewController.swift in Sources */,
				84DB2CAB1B57EBFF00BA51F3 /* Inventory.xcdatamodeld in Sources */,
				84C2363A1B99E5F6006216B8 /* ItemImage.swift in Sources */,
				84DB2CA81B57EBFF00BA51F3 /* AppDelegate.swift in Sources */,
			);
			runOnlyForDeploymentPostprocessing = 0;
		};
		84DB2CB61B57EBFF00BA51F3 /* Sources */ = {
			isa = PBXSourcesBuildPhase;
			buildActionMask = 2147483647;
			files = (
				84DB2CC11B57EBFF00BA51F3 /* InventoryTests.swift in Sources */,
			);
			runOnlyForDeploymentPostprocessing = 0;
		};
/* End PBXSourcesBuildPhase section */

/* Begin PBXTargetDependency section */
		84DB2CBC1B57EBFF00BA51F3 /* PBXTargetDependency */ = {
			isa = PBXTargetDependency;
			target = 84DB2CA11B57EBFF00BA51F3 /* Inventory */;
			targetProxy = 84DB2CBB1B57EBFF00BA51F3 /* PBXContainerItemProxy */;
		};
/* End PBXTargetDependency section */

/* Begin PBXVariantGroup section */
		84DB2CAE1B57EBFF00BA51F3 /* Main.storyboard */ = {
			isa = PBXVariantGroup;
			children = (
				84DB2CAF1B57EBFF00BA51F3 /* Base */,
			);
			name = Main.storyboard;
			sourceTree = "<group>";
		};
		84DB2CB31B57EBFF00BA51F3 /* LaunchScreen.xib */ = {
			isa = PBXVariantGroup;
			children = (
				84DB2CB41B57EBFF00BA51F3 /* Base */,
			);
			name = LaunchScreen.xib;
			sourceTree = "<group>";
		};
/* End PBXVariantGroup section */

/* Begin XCBuildConfiguration section */
		84DB2CC21B57EBFF00BA51F3 /* Debug */ = {
			isa = XCBuildConfiguration;
			buildSettings = {
				ALWAYS_SEARCH_USER_PATHS = NO;
				CLANG_CXX_LANGUAGE_STANDARD = "gnu++0x";
				CLANG_CXX_LIBRARY = "libc++";
				CLANG_ENABLE_MODULES = YES;
				CLANG_ENABLE_OBJC_ARC = YES;
				CLANG_WARN_BOOL_CONVERSION = YES;
				CLANG_WARN_CONSTANT_CONVERSION = YES;
				CLANG_WARN_DIRECT_OBJC_ISA_USAGE = YES_ERROR;
				CLANG_WARN_EMPTY_BODY = YES;
				CLANG_WARN_ENUM_CONVERSION = YES;
				CLANG_WARN_INT_CONVERSION = YES;
				CLANG_WARN_OBJC_ROOT_CLASS = YES_ERROR;
				CLANG_WARN_UNREACHABLE_CODE = YES;
				CLANG_WARN__DUPLICATE_METHOD_MATCH = YES;
				"CODE_SIGN_IDENTITY[sdk=iphoneos*]" = "iPhone Developer";
				COPY_PHASE_STRIP = NO;
				DEBUG_INFORMATION_FORMAT = "dwarf-with-dsym";
				ENABLE_STRICT_OBJC_MSGSEND = YES;
				GCC_C_LANGUAGE_STANDARD = gnu99;
				GCC_DYNAMIC_NO_PIC = NO;
				GCC_NO_COMMON_BLOCKS = YES;
				GCC_OPTIMIZATION_LEVEL = 0;
				GCC_PREPROCESSOR_DEFINITIONS = (
					"DEBUG=1",
					"$(inherited)",
				);
				GCC_SYMBOLS_PRIVATE_EXTERN = NO;
				GCC_WARN_64_TO_32_BIT_CONVERSION = YES;
				GCC_WARN_ABOUT_RETURN_TYPE = YES_ERROR;
				GCC_WARN_UNDECLARED_SELECTOR = YES;
				GCC_WARN_UNINITIALIZED_AUTOS = YES_AGGRESSIVE;
				GCC_WARN_UNUSED_FUNCTION = YES;
				GCC_WARN_UNUSED_VARIABLE = YES;
				IPHONEOS_DEPLOYMENT_TARGET = 8.4;
				MTL_ENABLE_DEBUG_INFO = YES;
				ONLY_ACTIVE_ARCH = YES;
				SDKROOT = iphoneos;
				SWIFT_OPTIMIZATION_LEVEL = "-Onone";
			};
			name = Debug;
		};
		84DB2CC31B57EBFF00BA51F3 /* Release */ = {
			isa = XCBuildConfiguration;
			buildSettings = {
				ALWAYS_SEARCH_USER_PATHS = NO;
				CLANG_CXX_LANGUAGE_STANDARD = "gnu++0x";
				CLANG_CXX_LIBRARY = "libc++";
				CLANG_ENABLE_MODULES = YES;
				CLANG_ENABLE_OBJC_ARC = YES;
				CLANG_WARN_BOOL_CONVERSION = YES;
				CLANG_WARN_CONSTANT_CONVERSION = YES;
				CLANG_WARN_DIRECT_OBJC_ISA_USAGE = YES_ERROR;
				CLANG_WARN_EMPTY_BODY = YES;
				CLANG_WARN_ENUM_CONVERSION = YES;
				CLANG_WARN_INT_CONVERSION = YES;
				CLANG_WARN_OBJC_ROOT_CLASS = YES_ERROR;
				CLANG_WARN_UNREACHABLE_CODE = YES;
				CLANG_WARN__DUPLICATE_METHOD_MATCH = YES;
				"CODE_SIGN_IDENTITY[sdk=iphoneos*]" = "iPhone Developer";
				COPY_PHASE_STRIP = NO;
				DEBUG_INFORMATION_FORMAT = "dwarf-with-dsym";
				ENABLE_NS_ASSERTIONS = NO;
				ENABLE_STRICT_OBJC_MSGSEND = YES;
				GCC_C_LANGUAGE_STANDARD = gnu99;
				GCC_NO_COMMON_BLOCKS = YES;
				GCC_WARN_64_TO_32_BIT_CONVERSION = YES;
				GCC_WARN_ABOUT_RETURN_TYPE = YES_ERROR;
				GCC_WARN_UNDECLARED_SELECTOR = YES;
				GCC_WARN_UNINITIALIZED_AUTOS = YES_AGGRESSIVE;
				GCC_WARN_UNUSED_FUNCTION = YES;
				GCC_WARN_UNUSED_VARIABLE = YES;
				IPHONEOS_DEPLOYMENT_TARGET = 8.4;
				MTL_ENABLE_DEBUG_INFO = NO;
				SDKROOT = iphoneos;
				VALIDATE_PRODUCT = YES;
			};
			name = Release;
		};
		84DB2CC51B57EBFF00BA51F3 /* Debug */ = {
			isa = XCBuildConfiguration;
			buildSettings = {
				ASSETCATALOG_COMPILER_APPICON_NAME = AppIcon;
				INFOPLIST_FILE = Inventory/Info.plist;
				LD_RUNPATH_SEARCH_PATHS = "$(inherited) @executable_path/Frameworks";
				PRODUCT_NAME = "$(TARGET_NAME)";
			};
			name = Debug;
		};
		84DB2CC61B57EBFF00BA51F3 /* Release */ = {
			isa = XCBuildConfiguration;
			buildSettings = {
				ASSETCATALOG_COMPILER_APPICON_NAME = AppIcon;
				INFOPLIST_FILE = Inventory/Info.plist;
				LD_RUNPATH_SEARCH_PATHS = "$(inherited) @executable_path/Frameworks";
				PRODUCT_NAME = "$(TARGET_NAME)";
			};
			name = Release;
		};
		84DB2CC81B57EBFF00BA51F3 /* Debug */ = {
			isa = XCBuildConfiguration;
			buildSettings = {
				BUNDLE_LOADER = "$(TEST_HOST)";
				FRAMEWORK_SEARCH_PATHS = (
					"$(SDKROOT)/Developer/Library/Frameworks",
					"$(inherited)",
				);
				GCC_PREPROCESSOR_DEFINITIONS = (
					"DEBUG=1",
					"$(inherited)",
				);
				INFOPLIST_FILE = InventoryTests/Info.plist;
				LD_RUNPATH_SEARCH_PATHS = "$(inherited) @executable_path/Frameworks @loader_path/Frameworks";
				PRODUCT_NAME = "$(TARGET_NAME)";
				TEST_HOST = "$(BUILT_PRODUCTS_DIR)/Inventory.app/Inventory";
			};
			name = Debug;
		};
		84DB2CC91B57EBFF00BA51F3 /* Release */ = {
			isa = XCBuildConfiguration;
			buildSettings = {
				BUNDLE_LOADER = "$(TEST_HOST)";
				FRAMEWORK_SEARCH_PATHS = (
					"$(SDKROOT)/Developer/Library/Frameworks",
					"$(inherited)",
				);
				INFOPLIST_FILE = InventoryTests/Info.plist;
				LD_RUNPATH_SEARCH_PATHS = "$(inherited) @executable_path/Frameworks @loader_path/Frameworks";
				PRODUCT_NAME = "$(TARGET_NAME)";
				TEST_HOST = "$(BUILT_PRODUCTS_DIR)/Inventory.app/Inventory";
			};
			name = Release;
		};
/* End XCBuildConfiguration section */

/* Begin XCConfigurationList section */
		84DB2C9D1B57EBFF00BA51F3 /* Build configuration list for PBXProject "Inventory" */ = {
			isa = XCConfigurationList;
			buildConfigurations = (
				84DB2CC21B57EBFF00BA51F3 /* Debug */,
				84DB2CC31B57EBFF00BA51F3 /* Release */,
			);
			defaultConfigurationIsVisible = 0;
			defaultConfigurationName = Release;
		};
		84DB2CC41B57EBFF00BA51F3 /* Build configuration list for PBXNativeTarget "Inventory" */ = {
			isa = XCConfigurationList;
			buildConfigurations = (
				84DB2CC51B57EBFF00BA51F3 /* Debug */,
				84DB2CC61B57EBFF00BA51F3 /* Release */,
			);
			defaultConfigurationIsVisible = 0;
			defaultConfigurationName = Release;
		};
		84DB2CC71B57EBFF00BA51F3 /* Build configuration list for PBXNativeTarget "InventoryTests" */ = {
			isa = XCConfigurationList;
			buildConfigurations = (
				84DB2CC81B57EBFF00BA51F3 /* Debug */,
				84DB2CC91B57EBFF00BA51F3 /* Release */,
			);
			defaultConfigurationIsVisible = 0;
			defaultConfigurationName = Release;
		};
/* End XCConfigurationList section */

/* Begin XCVersionGroup section */
		84DB2CA91B57EBFF00BA51F3 /* Inventory.xcdatamodeld */ = {
			isa = XCVersionGroup;
			children = (
				84DB2CAA1B57EBFF00BA51F3 /* Inventory.xcdatamodel */,
			);
			currentVersion = 84DB2CAA1B57EBFF00BA51F3 /* Inventory.xcdatamodel */;
			path = Inventory.xcdatamodeld;
			sourceTree = "<group>";
			versionGroupType = wrapper.xcdatamodel;
		};
/* End XCVersionGroup section */
	};
	rootObject = 84DB2C9A1B57EBFF00BA51F3 /* Project object */;
}
